
Microsoft Visual Studio Solution File, Format Version 12.00
# Visual Studio Version 17
VisualStudioVersion = 17.14.36327.8 d17.14
MinimumVisualStudioVersion = 10.0.40219.1
Project("{FAE04EC0-301F-11D3-BF4B-00C04F79EFBC}") = "ProductManagementSystem_p", "ProductManagementSystem_p\ProductManagementSystem_p.csproj", "{BBFDDE95-5A0F-4BDA-A453-123C79A9BF0D}"
EndProject
Global
	GlobalSection(SolutionConfigurationPlatforms) = preSolution
		Debug|Any CPU = Debug|Any CPU
		Release|Any CPU = Release|Any CPU
	EndGlobalSection
	GlobalSection(ProjectConfigurationPlatforms) = postSolution
		{BBFDDE95-5A0F-4BDA-A453-123C79A9BF0D}.Debug|Any CPU.ActiveCfg = Debug|Any CPU
		{BBFDDE95-5A0F-4BDA-A453-123C79A9BF0D}.Debug|Any CPU.Build.0 = Debug|Any CPU
		{BBFDDE95-5A0F-4BDA-A453-123C79A9BF0D}.Release|Any CPU.ActiveCfg = Release|Any CPU
		{BBFDDE95-5A0F-4BDA-A453-123C79A9BF0D}.Release|Any CPU.Build.0 = Release|Any CPU
	EndGlobalSection
	GlobalSection(SolutionProperties) = preSolution
		HideSolutionNode = FALSE
	EndGlobalSection
	GlobalSection(ExtensibilityGlobals) = postSolution
		SolutionGuid = {D013C425-EF52-4709-A6A9-92D4BD777E57}
	EndGlobalSection
EndGlobal
